
Microsoft Visual Studio Solution File, Format Version 12.00
# Visual Studio Version 17
VisualStudioVersion = 17.4.33122.133
MinimumVisualStudioVersion = 10.0.40219.1
Project("{FAE04EC0-301F-11D3-BF4B-00C04F79EFBC}") = "Dictionary-csharp", "Dictionary-csharp\Dictionary-csharp.csproj", "{F77A8F31-00FC-4094-A4FA-594BAB04740E}"
EndProject
Global
	GlobalSection(SolutionConfigurationPlatforms) = preSolution
		Debug|Any CPU = Debug|Any CPU
		Release|Any CPU = Release|Any CPU
	EndGlobalSection
	GlobalSection(ProjectConfigurationPlatforms) = postSolution
		{F77A8F31-00FC-4094-A4FA-594BAB04740E}.Debug|Any CPU.ActiveCfg = Debug|Any CPU
		{F77A8F31-00FC-4094-A4FA-594BAB04740E}.Debug|Any CPU.Build.0 = Debug|Any CPU
		{F77A8F31-00FC-4094-A4FA-594BAB04740E}.Release|Any CPU.ActiveCfg = Release|Any CPU
		{F77A8F31-00FC-4094-A4FA-594BAB04740E}.Release|Any CPU.Build.0 = Release|Any CPU
	EndGlobalSection
	GlobalSection(SolutionProperties) = preSolution
		HideSolutionNode = FALSE
	EndGlobalSection
	GlobalSection(ExtensibilityGlobals) = postSolution
		SolutionGuid = {D4406826-AF1F-4D07-B2FE-CD69EDE391D6}
	EndGlobalSection
EndGlobal
